
Microsoft Visual Studio Solution File, Format Version 12.00
# Visual Studio 15
VisualStudioVersion = 15.0.28307.705
MinimumVisualStudioVersion = 10.0.40219.1
Project("{FAE04EC0-301F-11D3-BF4B-00C04F79EFBC}") = "anrodse.Forms", "anrodse.DialogBox\anrodse.Forms.csproj", "{4A01DE45-FF47-4B2B-94F7-965BFC804FAB}"
EndProject
Project("{FAE04EC0-301F-11D3-BF4B-00C04F79EFBC}") = "anrodse.Forms.Demo", "anrodse.DialogBox.Demo\anrodse.Forms.Demo.csproj", "{BA5A6420-00CC-40E7-9E41-2BCAA516DD81}"
EndProject
Global
	GlobalSection(SolutionConfigurationPlatforms) = preSolution
		Debug|Any CPU = Debug|Any CPU
		Release|Any CPU = Release|Any CPU
	EndGlobalSection
	GlobalSection(ProjectConfigurationPlatforms) = postSolution
		{4A01DE45-FF47-4B2B-94F7-965BFC804FAB}.Debug|Any CPU.ActiveCfg = Debug|Any CPU
		{4A01DE45-FF47-4B2B-94F7-965BFC804FAB}.Debug|Any CPU.Build.0 = Debug|Any CPU
		{4A01DE45-FF47-4B2B-94F7-965BFC804FAB}.Release|Any CPU.ActiveCfg = Release|Any CPU
		{4A01DE45-FF47-4B2B-94F7-965BFC804FAB}.Release|Any CPU.Build.0 = Release|Any CPU
		{BA5A6420-00CC-40E7-9E41-2BCAA516DD81}.Debug|Any CPU.ActiveCfg = Debug|Any CPU
		{BA5A6420-00CC-40E7-9E41-2BCAA516DD81}.Debug|Any CPU.Build.0 = Debug|Any CPU
		{BA5A6420-00CC-40E7-9E41-2BCAA516DD81}.Release|Any CPU.ActiveCfg = Release|Any CPU
		{BA5A6420-00CC-40E7-9E41-2BCAA516DD81}.Release|Any CPU.Build.0 = Release|Any CPU
	EndGlobalSection
	GlobalSection(SolutionProperties) = preSolution
		HideSolutionNode = FALSE
	EndGlobalSection
	GlobalSection(ExtensibilityGlobals) = postSolution
		SolutionGuid = {7B02F82E-1F33-4D8E-B490-1C4341601798}
	EndGlobalSection
EndGlobal
